<?xml version="1.0" encoding="utf-8"?>
<Project ToolsVersion="4.0" xmlns="http://schemas.microsoft.com/developer/msbuild/2003">
  <ItemGroup>
    <Filter Include="资源文件">
      <UniqueIdentifier>{67DA6AB6-F800-4c08-8B7A-83BB121AAD01}</UniqueIdentifier>
      <Extensions>rc;ico;cur;bmp;dlg;rc2;rct;bin;rgs;gif;jpg;jpeg;jpe;resx;tiff;tif;png;wav</Extensions>
    </Filter>
    <Filter Include="json">
      <UniqueIdentifier>{5ebaa12e-f63b-4b47-9f4d-42fae2c7c894}</UniqueIdentifier>
    </Filter>
    <Filter Include="inc">
      <UniqueIdentifier>{93995380-89BD-4b04-88EB-625FBE52EBFB}</UniqueIdentifier>
      <Extensions>h;hpp;hxx;hm;inl;inc;xsd</Extensions>
    </Filter>
    <Filter Include="src">
      <UniqueIdentifier>{4FC737F1-C7A5-4376-A066-2A32D752A2FF}</UniqueIdentifier>
      <Extensions>cpp;c;cc;cxx;def;odl;idl;hpj;bat;asm;asmx</Extensions>
    </Filter>
  </ItemGroup>
  <ItemGroup>
    <ClCompile Include="stdafx.cpp">
      <Filter>src</Filter>
    </ClCompile>
    <ClCompile Include="tinyxml2.cpp">
      <Filter>src</Filter>
    </ClCompile>
    <ClCompile Include="TCPClient.cpp">
      <Filter>src</Filter>
    </ClCompile>
    <ClCompile Include="Common.cpp">
      <Filter>src</Filter>
    </ClCompile>
    <ClCompile Include="Crc32.cpp">
      <Filter>src</Filter>
    </ClCompile>
    <ClCompile Include="Timer.cpp">
      <Filter>src</Filter>
    </ClCompile>
    <ClCompile Include="Random.cpp">
      <Filter>src</Filter>
    </ClCompile>
    <ClCompile Include="SQL.cpp">
      <Filter>src</Filter>
    </ClCompile>
    <ClCompile Include="TestSql.cpp">
      <Filter>src</Filter>
    </ClCompile>
    <ClCompile Include="SqlUpdater.cpp">
      <Filter>src</Filter>
    </ClCompile>
    <ClCompile Include="SqlUtinity.cpp">
      <Filter>src</Filter>
    </ClCompile>
    <ClCompile Include="SqlTable.cpp">
      <Filter>src</Filter>
    </ClCompile>
    <ClCompile Include="SqlIndexMap.cpp">
      <Filter>src</Filter>
    </ClCompile>
    <ClCompile Include="SqlOperator.cpp">
      <Filter>src</Filter>
    </ClCompile>
    <ClCompile Include="UDPClient.cpp">
      <Filter>src</Filter>
    </ClCompile>
    <ClCompile Include="UDPServer.cpp">
      <Filter>src</Filter>
    </ClCompile>
    <ClCompile Include="TCPServerOld.cpp">
      <Filter>src</Filter>
    </ClCompile>
    <ClCompile Include="TCPServer.cpp">
      <Filter>src</Filter>
    </ClCompile>
    <ClCompile Include="NewServer.cpp">
      <Filter>src</Filter>
    </ClCompile>
    <ClCompile Include="Encoder.cpp">
      <Filter>src</Filter>
    </ClCompile>
    <ClCompile Include="HttpServer.cpp">
      <Filter>src</Filter>
    </ClCompile>
    <ClCompile Include="HttpClient.cpp">
      <Filter>src</Filter>
    </ClCompile>
    <ClCompile Include="GateWay.cpp">
      <Filter>src</Filter>
    </ClCompile>
    <ClCompile Include="Dump.cpp">
      <Filter>src</Filter>
    </ClCompile>
    <ClCompile Include="FTPServer.cpp">
      <Filter>src</Filter>
    </ClCompile>
    <ClCompile Include="FTPClient.cpp">
      <Filter>src</Filter>
    </ClCompile>
    <ClCompile Include="..\CommonFile\json\json_reader.cpp">
      <Filter>json</Filter>
    </ClCompile>
    <ClCompile Include="..\CommonFile\json\json_value.cpp">
      <Filter>json</Filter>
    </ClCompile>
    <ClCompile Include="..\CommonFile\json\json_writer.cpp">
      <Filter>json</Filter>
    </ClCompile>
  </ItemGroup>
  <ItemGroup>
    <ClInclude Include="SafeList.h">
      <Filter>inc</Filter>
    </ClInclude>
    <ClInclude Include="stdafx.h">
      <Filter>inc</Filter>
    </ClInclude>
    <ClInclude Include="targetver.h">
      <Filter>inc</Filter>
    </ClInclude>
    <ClInclude Include="TCPClient.h">
      <Filter>inc</Filter>
    </ClInclude>
    <ClInclude Include="Timer.h">
      <Filter>inc</Filter>
    </ClInclude>
    <ClInclude Include="tinyxml2.h">
      <Filter>inc</Filter>
    </ClInclude>
    <ClInclude Include="Common.h">
      <Filter>inc</Filter>
    </ClInclude>
    <ClInclude Include="NetServer.h">
      <Filter>inc</Filter>
    </ClInclude>
    <ClInclude Include="Crc32.h">
      <Filter>inc</Filter>
    </ClInclude>
    <ClInclude Include="Random.h">
      <Filter>inc</Filter>
    </ClInclude>
    <ClInclude Include="NetClient.h">
      <Filter>inc</Filter>
    </ClInclude>
    <ClInclude Include="NetCmd.h">
      <Filter>inc</Filter>
    </ClInclude>
    <ClInclude Include="SQL.h">
      <Filter>inc</Filter>
    </ClInclude>
    <ClInclude Include="TestSql.h">
      <Filter>inc</Filter>
    </ClInclude>
    <ClInclude Include="SqlUpdater.h">
      <Filter>inc</Filter>
    </ClInclude>
    <ClInclude Include="SqlUtinity.h">
      <Filter>inc</Filter>
    </ClInclude>
    <ClInclude Include="SqlTable.h">
      <Filter>inc</Filter>
    </ClInclude>
    <ClInclude Include="LogHandler.h">
      <Filter>inc</Filter>
    </ClInclude>
    <ClInclude Include="SqlIndex.h">
      <Filter>inc</Filter>
    </ClInclude>
    <ClInclude Include="SqlIndexMap.h">
      <Filter>inc</Filter>
    </ClInclude>
    <ClInclude Include="SqlOperator.h">
      <Filter>inc</Filter>
    </ClInclude>
    <ClInclude Include="NetCmd_DBServer.h">
      <Filter>inc</Filter>
    </ClInclude>
    <ClInclude Include="NetCmd_GameServer.h">
      <Filter>inc</Filter>
    </ClInclude>
    <ClInclude Include="Cmd_Fish.h">
      <Filter>inc</Filter>
    </ClInclude>
    <ClInclude Include="SafeArray.h">
      <Filter>inc</Filter>
    </ClInclude>
    <ClInclude Include="UDPClient.h">
      <Filter>inc</Filter>
    </ClInclude>
    <ClInclude Include="UDPServer.h">
      <Filter>inc</Filter>
    </ClInclude>
    <ClInclude Include="TCPServerOld.h">
      <Filter>inc</Filter>
    </ClInclude>
    <ClInclude Include="TCPServer.h">
      <Filter>inc</Filter>
    </ClInclude>
    <ClInclude Include="ServerData.h">
      <Filter>inc</Filter>
    </ClInclude>
    <ClInclude Include="NewServer.h">
      <Filter>inc</Filter>
    </ClInclude>
    <ClInclude Include="Encoder.h">
      <Filter>inc</Filter>
    </ClInclude>
    <ClInclude Include="HttpServer.h">
      <Filter>inc</Filter>
    </ClInclude>
    <ClInclude Include="HttpClient.h">
      <Filter>inc</Filter>
    </ClInclude>
    <ClInclude Include="SafeArrayMT.h">
      <Filter>inc</Filter>
    </ClInclude>
    <ClInclude Include="TCPPing.h">
      <Filter>inc</Filter>
    </ClInclude>
    <ClInclude Include="GateWay.h">
      <Filter>inc</Filter>
    </ClInclude>
    <ClInclude Include="Dump.h">
      <Filter>inc</Filter>
    </ClInclude>
    <ClInclude Include="MyArray.h">
      <Filter>inc</Filter>
    </ClInclude>
    <ClInclude Include="FTPServer.h">
      <Filter>inc</Filter>
    </ClInclude>
    <ClInclude Include="FTPClient.h">
      <Filter>inc</Filter>
    </ClInclude>
    <ClInclude Include="..\CommonFile\json\autolink.h">
      <Filter>json</Filter>
    </ClInclude>
    <ClInclude Include="..\CommonFile\json\config.h">
      <Filter>json</Filter>
    </ClInclude>
    <ClInclude Include="..\CommonFile\json\features.h">
      <Filter>json</Filter>
    </ClInclude>
    <ClInclude Include="..\CommonFile\json\forwards.h">
      <Filter>json</Filter>
    </ClInclude>
    <ClInclude Include="..\CommonFile\json\json.h">
      <Filter>json</Filter>
    </ClInclude>
    <ClInclude Include="..\CommonFile\json\json_batchallocator.h">
      <Filter>json</Filter>
    </ClInclude>
    <ClInclude Include="..\CommonFile\json\reader.h">
      <Filter>json</Filter>
    </ClInclude>
    <ClInclude Include="..\CommonFile\json\value.h">
      <Filter>json</Filter>
    </ClInclude>
    <ClInclude Include="..\CommonFile\json\writer.h">
      <Filter>json</Filter>
    </ClInclude>
  </ItemGroup>
  <ItemGroup>
    <None Include="..\CommonFile\json\json_internalarray.inl">
      <Filter>json</Filter>
    </None>
    <None Include="..\CommonFile\json\json_internalmap.inl">
      <Filter>json</Filter>
    </None>
    <None Include="..\CommonFile\json\json_valueiterator.inl">
      <Filter>json</Filter>
    </None>
    <None Include="..\CommonFile\json\sconscript">
      <Filter>json</Filter>
    </None>
  </ItemGroup>
</Project>